{
  "nodes": {
    "enclave": {
      "inputs": {
        "nitro-util": "nitro-util",
        "nixpkgs": [
          "nixpkgs"
        ],
        "server": [
          "server"
        ]
      },
      "locked": {
        "lastModified": 1,
        "narHash": "sha256-OHayukA94p30gfz42Pq4abUIgXlvJ1itj1I21hBaKH4=",
        "path": "./enclave",
        "type": "path"
      },
      "original": {
        "path": "./enclave",
        "type": "path"
      }
    },
    "fenix": {
      "inputs": {
        "nixpkgs": [
          "server",
          "nixpkgs"
        ],
        "rust-analyzer-src": "rust-analyzer-src"
      },
      "locked": {
        "lastModified": 1731393059,
        "narHash": "sha256-rmzi0GHEwpzg1LGfGPO4SRD7D6QGV3UYGQxkJvn+J5U=",
        "owner": "nix-community",
        "repo": "fenix",
        "rev": "fda8d5b59bb0dc0021ad3ba1d722f9ef6d36e4d9",
        "type": "github"
      },
      "original": {
        "owner": "nix-community",
        "repo": "fenix",
        "type": "github"
      }
    },
    "flake-utils": {
      "inputs": {
        "systems": "systems"
      },
      "locked": {
        "lastModified": 1705309234,
        "narHash": "sha256-uNRRNRKmJyCRC/8y1RqBkqWBLM034y4qN7EprSdmgyA=",
        "owner": "numtide",
        "repo": "flake-utils",
        "rev": "1ef2e671c3b0c19053962c07dbda38332dcebf26",
        "type": "github"
      },
      "original": {
        "owner": "numtide",
        "repo": "flake-utils",
        "type": "github"
      }
    },
    "naersk": {
      "inputs": {
        "nixpkgs": [
          "server",
          "nixpkgs"
        ]
      },
      "locked": {
        "lastModified": 1721727458,
        "narHash": "sha256-r/xppY958gmZ4oTfLiHN0ZGuQ+RSTijDblVgVLFi1mw=",
        "owner": "nix-community",
        "repo": "naersk",
        "rev": "3fb418eaf352498f6b6c30592e3beb63df42ef11",
        "type": "github"
      },
      "original": {
        "owner": "nix-community",
        "repo": "naersk",
        "type": "github"
      }
    },
    "nitro-util": {
      "inputs": {
        "flake-utils": "flake-utils",
        "nixpkgs": [
          "enclave",
          "nixpkgs"
        ]
      },
      "locked": {
        "lastModified": 1727353784,
        "narHash": "sha256-OpxNvShY8MMlFFGg1cZZsEupph+zncXgfh3SImFCjH4=",
        "owner": "monzo",
        "repo": "aws-nitro-util",
        "rev": "7d755578b0b0b9850c0d7c4738a6c8daf3ff55c0",
        "type": "github"
      },
      "original": {
        "owner": "monzo",
        "repo": "aws-nitro-util",
        "type": "github"
      }
    },
    "nixpkgs": {
      "locked": {
        "lastModified": 1731239293,
        "narHash": "sha256-q2yjIWFFcTzp5REWQUOU9L6kHdCDmFDpqeix86SOvDc=",
        "owner": "NixOS",
        "repo": "nixpkgs",
        "rev": "9256f7c71a195ebe7a218043d9f93390d49e6884",
        "type": "github"
      },
      "original": {
        "owner": "NixOS",
        "ref": "nixos-24.05",
        "repo": "nixpkgs",
        "type": "github"
      }
    },
    "root": {
      "inputs": {
        "enclave": "enclave",
        "nixpkgs": "nixpkgs",
        "server": "server"
      }
    },
    "rust-analyzer-src": {
      "flake": false,
      "locked": {
        "lastModified": 1731342671,
        "narHash": "sha256-36eYDHoPzjavnpmEpc2MXdzMk557S0YooGms07mDuKk=",
        "owner": "rust-lang",
        "repo": "rust-analyzer",
        "rev": "fc98e0657abf3ce07eed513e38274c89bbb2f8ad",
        "type": "github"
      },
      "original": {
        "owner": "rust-lang",
        "ref": "nightly",
        "repo": "rust-analyzer",
        "type": "github"
      }
    },
    "server": {
      "inputs": {
        "fenix": "fenix",
        "naersk": "naersk",
        "nixpkgs": [
          "nixpkgs"
        ]
      },
      "locked": {
        "lastModified": 1,
        "narHash": "sha256-+yA/EflV/a1AH9J1RqKB/4XFbG4XKmvxNsL36GMTslc=",
        "path": "./server",
        "type": "path"
      },
      "original": {
        "path": "./server",
        "type": "path"
      }
    },
    "systems": {
      "locked": {
        "lastModified": 1681028828,
        "narHash": "sha256-Vy1rq5AaRuLzOxct8nz4T6wlgyUR7zLU309k9mBC768=",
        "owner": "nix-systems",
        "repo": "default",
        "rev": "da67096a3b9bf56a91d16901293e51ba5b49a27e",
        "type": "github"
      },
      "original": {
        "owner": "nix-systems",
        "repo": "default",
        "type": "github"
      }
    }
  },
  "root": "root",
  "version": 7
}
